
Microsoft Visual Studio Solution File, Format Version 12.00
# Visual Studio Version 17
VisualStudioVersion = 17.4.33213.308
MinimumVisualStudioVersion = 10.0.40219.1
Project("{FAE04EC0-301F-11D3-BF4B-00C04F79EFBC}") = "Lab6", "Lab6\Lab6.csproj", "{2709AFFB-C5E9-4DAC-9404-2B9FAFFC2A58}"
EndProject
Project("{FAE04EC0-301F-11D3-BF4B-00C04F79EFBC}") = "Test", "Test\Test.csproj", "{749CEFEB-A412-4DFB-8E0B-030CA7B9D22D}"
EndProject
Global
	GlobalSection(SolutionConfigurationPlatforms) = preSolution
		Debug|Any CPU = Debug|Any CPU
		Release|Any CPU = Release|Any CPU
	EndGlobalSection
	GlobalSection(ProjectConfigurationPlatforms) = postSolution
		{2709AFFB-C5E9-4DAC-9404-2B9FAFFC2A58}.Debug|Any CPU.ActiveCfg = Debug|Any CPU
		{2709AFFB-C5E9-4DAC-9404-2B9FAFFC2A58}.Debug|Any CPU.Build.0 = Debug|Any CPU
		{2709AFFB-C5E9-4DAC-9404-2B9FAFFC2A58}.Release|Any CPU.ActiveCfg = Release|Any CPU
		{2709AFFB-C5E9-4DAC-9404-2B9FAFFC2A58}.Release|Any CPU.Build.0 = Release|Any CPU
		{749CEFEB-A412-4DFB-8E0B-030CA7B9D22D}.Debug|Any CPU.ActiveCfg = Debug|Any CPU
		{749CEFEB-A412-4DFB-8E0B-030CA7B9D22D}.Debug|Any CPU.Build.0 = Debug|Any CPU
		{749CEFEB-A412-4DFB-8E0B-030CA7B9D22D}.Release|Any CPU.ActiveCfg = Release|Any CPU
		{749CEFEB-A412-4DFB-8E0B-030CA7B9D22D}.Release|Any CPU.Build.0 = Release|Any CPU
	EndGlobalSection
	GlobalSection(SolutionProperties) = preSolution
		HideSolutionNode = FALSE
	EndGlobalSection
	GlobalSection(ExtensibilityGlobals) = postSolution
		SolutionGuid = {E7FCA3FA-54CF-44D8-8A85-F6ED9C3C3D85}
	EndGlobalSection
EndGlobal
